
Microsoft Visual Studio Solution File, Format Version 12.00
# Visual Studio Version 16
VisualStudioVersion = 16.0.31702.278
MinimumVisualStudioVersion = 10.0.40219.1
Project("{FAE04EC0-301F-11D3-BF4B-00C04F79EFBC}") = "26.10.Methods", "26.10.Methods\26.10.Methods.csproj", "{F93D19C7-3729-492B-9661-80819075022E}"
EndProject
Global
	GlobalSection(SolutionConfigurationPlatforms) = preSolution
		Debug|Any CPU = Debug|Any CPU
		Release|Any CPU = Release|Any CPU
	EndGlobalSection
	GlobalSection(ProjectConfigurationPlatforms) = postSolution
		{F93D19C7-3729-492B-9661-80819075022E}.Debug|Any CPU.ActiveCfg = Debug|Any CPU
		{F93D19C7-3729-492B-9661-80819075022E}.Debug|Any CPU.Build.0 = Debug|Any CPU
		{F93D19C7-3729-492B-9661-80819075022E}.Release|Any CPU.ActiveCfg = Release|Any CPU
		{F93D19C7-3729-492B-9661-80819075022E}.Release|Any CPU.Build.0 = Release|Any CPU
	EndGlobalSection
	GlobalSection(SolutionProperties) = preSolution
		HideSolutionNode = FALSE
	EndGlobalSection
	GlobalSection(ExtensibilityGlobals) = postSolution
		SolutionGuid = {7B3AD5AF-3945-4CC5-85B3-04C4A10A3DA4}
	EndGlobalSection
EndGlobal
